
Microsoft Visual Studio Solution File, Format Version 11.00
# Visual Studio 2010
Project("{FAE04EC0-301F-11D3-BF4B-00C04F79EFBC}") = "ConsoleTester", "ConsoleTester\ConsoleTester.csproj", "{66E58ADF-A575-4780-8FDF-AED52EDD2A49}"
EndProject
Project("{FAE04EC0-301F-11D3-BF4B-00C04F79EFBC}") = "PrayerTimesCalculator", "PrayerTimesCalculator\PrayerTimesCalculator.csproj", "{04BA74C1-EACE-48B0-9D49-85851A4B9905}"
EndProject
Global
	GlobalSection(SolutionConfigurationPlatforms) = preSolution
		Debug|Any CPU = Debug|Any CPU
		Debug|Mixed Platforms = Debug|Mixed Platforms
		Debug|x86 = Debug|x86
		Release|Any CPU = Release|Any CPU
		Release|Mixed Platforms = Release|Mixed Platforms
		Release|x86 = Release|x86
	EndGlobalSection
	GlobalSection(ProjectConfigurationPlatforms) = postSolution
		{66E58ADF-A575-4780-8FDF-AED52EDD2A49}.Debug|Any CPU.ActiveCfg = Debug|x86
		{66E58ADF-A575-4780-8FDF-AED52EDD2A49}.Debug|Mixed Platforms.ActiveCfg = Debug|x86
		{66E58ADF-A575-4780-8FDF-AED52EDD2A49}.Debug|Mixed Platforms.Build.0 = Debug|x86
		{66E58ADF-A575-4780-8FDF-AED52EDD2A49}.Debug|x86.ActiveCfg = Debug|x86
		{66E58ADF-A575-4780-8FDF-AED52EDD2A49}.Debug|x86.Build.0 = Debug|x86
		{66E58ADF-A575-4780-8FDF-AED52EDD2A49}.Release|Any CPU.ActiveCfg = Release|x86
		{66E58ADF-A575-4780-8FDF-AED52EDD2A49}.Release|Mixed Platforms.ActiveCfg = Release|x86
		{66E58ADF-A575-4780-8FDF-AED52EDD2A49}.Release|Mixed Platforms.Build.0 = Release|x86
		{66E58ADF-A575-4780-8FDF-AED52EDD2A49}.Release|x86.ActiveCfg = Release|x86
		{66E58ADF-A575-4780-8FDF-AED52EDD2A49}.Release|x86.Build.0 = Release|x86
		{04BA74C1-EACE-48B0-9D49-85851A4B9905}.Debug|Any CPU.ActiveCfg = Debug|Any CPU
		{04BA74C1-EACE-48B0-9D49-85851A4B9905}.Debug|Any CPU.Build.0 = Debug|Any CPU
		{04BA74C1-EACE-48B0-9D49-85851A4B9905}.Debug|Mixed Platforms.ActiveCfg = Debug|Any CPU
		{04BA74C1-EACE-48B0-9D49-85851A4B9905}.Debug|Mixed Platforms.Build.0 = Debug|Any CPU
		{04BA74C1-EACE-48B0-9D49-85851A4B9905}.Debug|x86.ActiveCfg = Debug|Any CPU
		{04BA74C1-EACE-48B0-9D49-85851A4B9905}.Release|Any CPU.ActiveCfg = Release|Any CPU
		{04BA74C1-EACE-48B0-9D49-85851A4B9905}.Release|Any CPU.Build.0 = Release|Any CPU
		{04BA74C1-EACE-48B0-9D49-85851A4B9905}.Release|Mixed Platforms.ActiveCfg = Release|Any CPU
		{04BA74C1-EACE-48B0-9D49-85851A4B9905}.Release|Mixed Platforms.Build.0 = Release|Any CPU
		{04BA74C1-EACE-48B0-9D49-85851A4B9905}.Release|x86.ActiveCfg = Release|Any CPU
	EndGlobalSection
	GlobalSection(SolutionProperties) = preSolution
		HideSolutionNode = FALSE
	EndGlobalSection
EndGlobal
